
Microsoft Visual Studio Solution File, Format Version 12.00
# Visual Studio 2013
VisualStudioVersion = 12.0.40629.0
MinimumVisualStudioVersion = 10.0.40219.1
Project("{FAE04EC0-301F-11D3-BF4B-00C04F79EFBC}") = "Xemi.Core", "Xemi.Core\Xemi.Core.csproj", "{D4552EEF-B7AE-488A-8408-D944DC69F0A7}"
EndProject
Project("{2150E333-8FDC-42A3-9474-1A3956D46DE8}") = "Tests", "Tests", "{32D15889-F616-4F2E-98DF-3A4B7DF0A5D0}"
EndProject
Project("{FAE04EC0-301F-11D3-BF4B-00C04F79EFBC}") = "Xemi.Core.UnitTests", "Tests\Xemi.Core.UnitTests\Xemi.Core.UnitTests.csproj", "{5F1362B1-6BF5-4E66-90C5-19F64CBC6752}"
EndProject
Project("{FAE04EC0-301F-11D3-BF4B-00C04F79EFBC}") = "Xemi.Dependency.Autofac", "Xemi.Dependency.Autofac\Xemi.Dependency.Autofac.csproj", "{A57C5166-1B24-4534-BB19-ECF6FA3239BD}"
EndProject
Global
	GlobalSection(SolutionConfigurationPlatforms) = preSolution
		Debug|Any CPU = Debug|Any CPU
		Release|Any CPU = Release|Any CPU
	EndGlobalSection
	GlobalSection(ProjectConfigurationPlatforms) = postSolution
		{D4552EEF-B7AE-488A-8408-D944DC69F0A7}.Debug|Any CPU.ActiveCfg = Debug|Any CPU
		{D4552EEF-B7AE-488A-8408-D944DC69F0A7}.Debug|Any CPU.Build.0 = Debug|Any CPU
		{D4552EEF-B7AE-488A-8408-D944DC69F0A7}.Release|Any CPU.ActiveCfg = Release|Any CPU
		{D4552EEF-B7AE-488A-8408-D944DC69F0A7}.Release|Any CPU.Build.0 = Release|Any CPU
		{5F1362B1-6BF5-4E66-90C5-19F64CBC6752}.Debug|Any CPU.ActiveCfg = Debug|Any CPU
		{5F1362B1-6BF5-4E66-90C5-19F64CBC6752}.Debug|Any CPU.Build.0 = Debug|Any CPU
		{5F1362B1-6BF5-4E66-90C5-19F64CBC6752}.Release|Any CPU.ActiveCfg = Release|Any CPU
		{5F1362B1-6BF5-4E66-90C5-19F64CBC6752}.Release|Any CPU.Build.0 = Release|Any CPU
		{A57C5166-1B24-4534-BB19-ECF6FA3239BD}.Debug|Any CPU.ActiveCfg = Debug|Any CPU
		{A57C5166-1B24-4534-BB19-ECF6FA3239BD}.Debug|Any CPU.Build.0 = Debug|Any CPU
		{A57C5166-1B24-4534-BB19-ECF6FA3239BD}.Release|Any CPU.ActiveCfg = Release|Any CPU
		{A57C5166-1B24-4534-BB19-ECF6FA3239BD}.Release|Any CPU.Build.0 = Release|Any CPU
	EndGlobalSection
	GlobalSection(SolutionProperties) = preSolution
		HideSolutionNode = FALSE
	EndGlobalSection
	GlobalSection(NestedProjects) = preSolution
		{5F1362B1-6BF5-4E66-90C5-19F64CBC6752} = {32D15889-F616-4F2E-98DF-3A4B7DF0A5D0}
	EndGlobalSection
EndGlobal
